
Microsoft Visual Studio Solution File, Format Version 12.00
# Visual Studio 15
VisualStudioVersion = 15.0.28307.1972
MinimumVisualStudioVersion = 10.0.40219.1
Project("{FAE04EC0-301F-11D3-BF4B-00C04F79EFBC}") = "EmployeeManagmentSystem", "EmployeeManagmentSystem\EmployeeManagmentSystem.csproj", "{9AF64438-C855-4754-9BB7-B7AB81C112AF}"
EndProject
Project("{FAE04EC0-301F-11D3-BF4B-00C04F79EFBC}") = "EmployeeManagmentSystem.Services", "EmployeeManagmentSystem.Services\EmployeeManagmentSystem.Services.csproj", "{4D3E5FE5-11AE-4C36-8D07-9EE4F66040B6}"
EndProject
Project("{FAE04EC0-301F-11D3-BF4B-00C04F79EFBC}") = "EmployeeManagmentSystem.Common", "EmployeeManagmentSystem.Common\EmployeeManagmentSystem.Common.csproj", "{63090E52-9F90-45A2-A659-E4300DF1780C}"
EndProject
Project("{FAE04EC0-301F-11D3-BF4B-00C04F79EFBC}") = "EmployeeManagmentSystem.Repositories", "EmployeeManagmentSystem.Repositories\EmployeeManagmentSystem.Repositories.csproj", "{23D666F0-2D5E-4A92-8D1E-3A5C2756D238}"
EndProject
Global
	GlobalSection(SolutionConfigurationPlatforms) = preSolution
		Debug|Any CPU = Debug|Any CPU
		Release|Any CPU = Release|Any CPU
	EndGlobalSection
	GlobalSection(ProjectConfigurationPlatforms) = postSolution
		{9AF64438-C855-4754-9BB7-B7AB81C112AF}.Debug|Any CPU.ActiveCfg = Debug|Any CPU
		{9AF64438-C855-4754-9BB7-B7AB81C112AF}.Debug|Any CPU.Build.0 = Debug|Any CPU
		{9AF64438-C855-4754-9BB7-B7AB81C112AF}.Release|Any CPU.ActiveCfg = Release|Any CPU
		{9AF64438-C855-4754-9BB7-B7AB81C112AF}.Release|Any CPU.Build.0 = Release|Any CPU
		{4D3E5FE5-11AE-4C36-8D07-9EE4F66040B6}.Debug|Any CPU.ActiveCfg = Debug|Any CPU
		{4D3E5FE5-11AE-4C36-8D07-9EE4F66040B6}.Debug|Any CPU.Build.0 = Debug|Any CPU
		{4D3E5FE5-11AE-4C36-8D07-9EE4F66040B6}.Release|Any CPU.ActiveCfg = Release|Any CPU
		{4D3E5FE5-11AE-4C36-8D07-9EE4F66040B6}.Release|Any CPU.Build.0 = Release|Any CPU
		{63090E52-9F90-45A2-A659-E4300DF1780C}.Debug|Any CPU.ActiveCfg = Debug|Any CPU
		{63090E52-9F90-45A2-A659-E4300DF1780C}.Debug|Any CPU.Build.0 = Debug|Any CPU
		{63090E52-9F90-45A2-A659-E4300DF1780C}.Release|Any CPU.ActiveCfg = Release|Any CPU
		{63090E52-9F90-45A2-A659-E4300DF1780C}.Release|Any CPU.Build.0 = Release|Any CPU
		{23D666F0-2D5E-4A92-8D1E-3A5C2756D238}.Debug|Any CPU.ActiveCfg = Debug|Any CPU
		{23D666F0-2D5E-4A92-8D1E-3A5C2756D238}.Debug|Any CPU.Build.0 = Debug|Any CPU
		{23D666F0-2D5E-4A92-8D1E-3A5C2756D238}.Release|Any CPU.ActiveCfg = Release|Any CPU
		{23D666F0-2D5E-4A92-8D1E-3A5C2756D238}.Release|Any CPU.Build.0 = Release|Any CPU
	EndGlobalSection
	GlobalSection(SolutionProperties) = preSolution
		HideSolutionNode = FALSE
	EndGlobalSection
	GlobalSection(ExtensibilityGlobals) = postSolution
		SolutionGuid = {4FF01F21-A85A-4041-AA08-0A5263B6A3FB}
	EndGlobalSection
EndGlobal
